
Microsoft Visual Studio Solution File, Format Version 12.00
# Visual Studio Version 16
VisualStudioVersion = 16.0.30204.135
MinimumVisualStudioVersion = 10.0.40219.1
Project("{FAE04EC0-301F-11D3-BF4B-00C04F79EFBC}") = "WebLab6", "WebLab6.csproj", "{B2C0D5BD-96ED-4C4A-9745-604AAC405813}"
EndProject
Global
	GlobalSection(SolutionConfigurationPlatforms) = preSolution
		Debug|Any CPU = Debug|Any CPU
		Release|Any CPU = Release|Any CPU
	EndGlobalSection
	GlobalSection(ProjectConfigurationPlatforms) = postSolution
		{B2C0D5BD-96ED-4C4A-9745-604AAC405813}.Debug|Any CPU.ActiveCfg = Debug|Any CPU
		{B2C0D5BD-96ED-4C4A-9745-604AAC405813}.Debug|Any CPU.Build.0 = Debug|Any CPU
		{B2C0D5BD-96ED-4C4A-9745-604AAC405813}.Release|Any CPU.ActiveCfg = Release|Any CPU
		{B2C0D5BD-96ED-4C4A-9745-604AAC405813}.Release|Any CPU.Build.0 = Release|Any CPU
	EndGlobalSection
	GlobalSection(SolutionProperties) = preSolution
		HideSolutionNode = FALSE
	EndGlobalSection
	GlobalSection(ExtensibilityGlobals) = postSolution
		SolutionGuid = {16056116-870E-40F4-A9B8-04653E7153F1}
	EndGlobalSection
EndGlobal
